
Microsoft Visual Studio Solution File, Format Version 12.00
# Visual Studio 15
VisualStudioVersion = 15.0.27130.2036
MinimumVisualStudioVersion = 10.0.40219.1
Project("{FAE04EC0-301F-11D3-BF4B-00C04F79EFBC}") = "OpenCaseManager", "OpenCaseManager\OpenCaseManager.csproj", "{9EE39A3E-7473-42F2-B20C-BA3EDBF224C7}"
EndProject
Project("{FAE04EC0-301F-11D3-BF4B-00C04F79EFBC}") = "Repository", "Repository\Repository.csproj", "{4F503613-7D20-4F7D-BDF5-693EA1A62938}"
EndProject
Project("{00D1A9C2-B5F0-4AF3-8072-F6C62B433612}") = "OpenCaseManager.Database", "OpenCaseManager.Database\OpenCaseManager.Database.sqlproj", "{7AA2EF44-D829-45BD-8DBD-37646BA54C78}"
EndProject
Project("{FAE04EC0-301F-11D3-BF4B-00C04F79EFBC}") = "AcadreLib", "AcadrePWS\AcadreLib.csproj", "{2FEAEBE9-AB50-4ACA-89B3-31E342426858}"
EndProject
Global
	GlobalSection(SolutionConfigurationPlatforms) = preSolution
		Debug|Any CPU = Debug|Any CPU
		Release|Any CPU = Release|Any CPU
	EndGlobalSection
	GlobalSection(ProjectConfigurationPlatforms) = postSolution
		{9EE39A3E-7473-42F2-B20C-BA3EDBF224C7}.Debug|Any CPU.ActiveCfg = Debug|Any CPU
		{9EE39A3E-7473-42F2-B20C-BA3EDBF224C7}.Debug|Any CPU.Build.0 = Debug|Any CPU
		{9EE39A3E-7473-42F2-B20C-BA3EDBF224C7}.Release|Any CPU.ActiveCfg = Release|Any CPU
		{9EE39A3E-7473-42F2-B20C-BA3EDBF224C7}.Release|Any CPU.Build.0 = Release|Any CPU
		{4F503613-7D20-4F7D-BDF5-693EA1A62938}.Debug|Any CPU.ActiveCfg = Debug|Any CPU
		{4F503613-7D20-4F7D-BDF5-693EA1A62938}.Debug|Any CPU.Build.0 = Debug|Any CPU
		{4F503613-7D20-4F7D-BDF5-693EA1A62938}.Release|Any CPU.ActiveCfg = Release|Any CPU
		{4F503613-7D20-4F7D-BDF5-693EA1A62938}.Release|Any CPU.Build.0 = Release|Any CPU
		{7AA2EF44-D829-45BD-8DBD-37646BA54C78}.Debug|Any CPU.ActiveCfg = Debug|Any CPU
		{7AA2EF44-D829-45BD-8DBD-37646BA54C78}.Debug|Any CPU.Build.0 = Debug|Any CPU
		{7AA2EF44-D829-45BD-8DBD-37646BA54C78}.Debug|Any CPU.Deploy.0 = Debug|Any CPU
		{7AA2EF44-D829-45BD-8DBD-37646BA54C78}.Release|Any CPU.ActiveCfg = Release|Any CPU
		{7AA2EF44-D829-45BD-8DBD-37646BA54C78}.Release|Any CPU.Build.0 = Release|Any CPU
		{7AA2EF44-D829-45BD-8DBD-37646BA54C78}.Release|Any CPU.Deploy.0 = Release|Any CPU
		{2FEAEBE9-AB50-4ACA-89B3-31E342426858}.Debug|Any CPU.ActiveCfg = Debug|Any CPU
		{2FEAEBE9-AB50-4ACA-89B3-31E342426858}.Debug|Any CPU.Build.0 = Debug|Any CPU
		{2FEAEBE9-AB50-4ACA-89B3-31E342426858}.Release|Any CPU.ActiveCfg = Release|Any CPU
		{2FEAEBE9-AB50-4ACA-89B3-31E342426858}.Release|Any CPU.Build.0 = Release|Any CPU
	EndGlobalSection
	GlobalSection(SolutionProperties) = preSolution
		HideSolutionNode = FALSE
	EndGlobalSection
	GlobalSection(ExtensibilityGlobals) = postSolution
		SolutionGuid = {BDADCF58-5922-4871-ADCB-DF8722C67AAA}
	EndGlobalSection
EndGlobal
